
Microsoft Visual Studio Solution File, Format Version 12.00
# Visual Studio Version 16
VisualStudioVersion = 16.0.30523.141
MinimumVisualStudioVersion = 10.0.40219.1
Project("{8BC9CEB8-8B4A-11D0-8D11-00A0C91BC942}") = "Composition", "Composition\Composition.vcxproj", "{8AE63ADB-42C8-4A8F-BEB9-64923442EF84}"
EndProject
Global
	GlobalSection(SolutionConfigurationPlatforms) = preSolution
		Debug|x64 = Debug|x64
		Debug|x86 = Debug|x86
		Release|x64 = Release|x64
		Release|x86 = Release|x86
	EndGlobalSection
	GlobalSection(ProjectConfigurationPlatforms) = postSolution
		{8AE63ADB-42C8-4A8F-BEB9-64923442EF84}.Debug|x64.ActiveCfg = Debug|x64
		{8AE63ADB-42C8-4A8F-BEB9-64923442EF84}.Debug|x64.Build.0 = Debug|x64
		{8AE63ADB-42C8-4A8F-BEB9-64923442EF84}.Debug|x86.ActiveCfg = Debug|Win32
		{8AE63ADB-42C8-4A8F-BEB9-64923442EF84}.Debug|x86.Build.0 = Debug|Win32
		{8AE63ADB-42C8-4A8F-BEB9-64923442EF84}.Release|x64.ActiveCfg = Release|x64
		{8AE63ADB-42C8-4A8F-BEB9-64923442EF84}.Release|x64.Build.0 = Release|x64
		{8AE63ADB-42C8-4A8F-BEB9-64923442EF84}.Release|x86.ActiveCfg = Release|Win32
		{8AE63ADB-42C8-4A8F-BEB9-64923442EF84}.Release|x86.Build.0 = Release|Win32
	EndGlobalSection
	GlobalSection(SolutionProperties) = preSolution
		HideSolutionNode = FALSE
	EndGlobalSection
	GlobalSection(ExtensibilityGlobals) = postSolution
		SolutionGuid = {2C76961F-620D-47D7-BD44-EA42D1DEAC88}
	EndGlobalSection
EndGlobal
